<?xml version="1.0" encoding="utf-8"?>
<Project ToolsVersion="4.0" xmlns="http://schemas.microsoft.com/developer/msbuild/2003">
  <ItemGroup>
    <Filter Include="Graphics">
      <UniqueIdentifier>{1653CE33-0220-293F-2B39-17E717655ECD}</UniqueIdentifier>
    </Filter>
    <Filter Include="Graphics\Direct3D11">
      <UniqueIdentifier>{995A666C-05BC-437A-8E29-8A2CFA897A39}</UniqueIdentifier>
    </Filter>
    <Filter Include="Graphics\Direct3D12">
      <UniqueIdentifier>{9A5A666C-06BC-437A-8F29-8A2CFB897A39}</UniqueIdentifier>
    </Filter>
    <Filter Include="Graphics\Interfaces">
      <UniqueIdentifier>{A9DDA6C1-153F-84CF-9EAC-CA810A0DBB8E}</UniqueIdentifier>
    </Filter>
    <Filter Include="Graphics\ThirdParty">
      <UniqueIdentifier>{1052DBD2-7CB3-B8E0-0521-FF927181EF9F}</UniqueIdentifier>
    </Filter>
    <Filter Include="Graphics\ThirdParty\OpenSource">
      <UniqueIdentifier>{E266093C-CE8C-D3A2-B7D2-586EA397F86E}</UniqueIdentifier>
    </Filter>
    <Filter Include="Graphics\ThirdParty\OpenSource\VulkanMemoryAllocator">
      <UniqueIdentifier>{3C683817-28A7-E292-D129-BFC4BD4798FD}</UniqueIdentifier>
    </Filter>
    <Filter Include="Graphics\ThirdParty\OpenSource\ags">
      <UniqueIdentifier>{0C78615E-F8B3-64C8-61C6-7CBF4D210DE3}</UniqueIdentifier>
    </Filter>
    <Filter Include="Graphics\ThirdParty\OpenSource\nvapi">
      <UniqueIdentifier>{8FE5927D-7BCC-5475-241D-BB9210E3CDDB}</UniqueIdentifier>
    </Filter>
    <Filter Include="Graphics\Vulkan">
      <UniqueIdentifier>{D64BCAB8-42D7-377D-4BE8-BA71B7F2937D}</UniqueIdentifier>
    </Filter>
    <Filter Include="Resources">
      <UniqueIdentifier>{000BCD17-6C75-818E-B5B3-3234215D5FE3}</UniqueIdentifier>
    </Filter>
    <Filter Include="Resources\ResourceLoader">
      <UniqueIdentifier>{AE194718-9A3E-9698-C389-7B28AF0D95B6}</UniqueIdentifier>
    </Filter>
    <Filter Include="Resources\ResourceLoader\Interfaces">
      <UniqueIdentifier>{4155D735-AD0E-42E0-366E-5CBAA226F84F}</UniqueIdentifier>
    </Filter>
    <Filter Include="Resources\ResourceLoader\ThirdParty">
      <UniqueIdentifier>{A8C90B47-1483-76F1-9DE2-90CB099B2C61}</UniqueIdentifier>
    </Filter>
    <Filter Include="Resources\ResourceLoader\ThirdParty\OpenSource">
      <UniqueIdentifier>{7AEF20E3-666D-717C-4F65-2F143B82B3A4}</UniqueIdentifier>
    </Filter>
    <Filter Include="Resources\ResourceLoader\ThirdParty\OpenSource\meshoptimizer">
      <UniqueIdentifier>{D9C0DAA0-C52B-9BAC-6E47-00125A915E8F}</UniqueIdentifier>
    </Filter>
    <Filter Include="Resources\ResourceLoader\ThirdParty\OpenSource\meshoptimizer\src">
      <UniqueIdentifier>{7043AD1F-5C44-419A-850C-AE1E716CB754}</UniqueIdentifier>
    </Filter>
  </ItemGroup>
  <ItemGroup>
    <ClInclude Include="..\..\Common_3\Graphics\Direct3D11\Direct3D11CapBuilder.h">
      <Filter>Graphics\Direct3D11</Filter>
    </ClInclude>
    <ClInclude Include="..\..\Common_3\Graphics\Direct3D11\Direct3D11Config.h">
      <Filter>Graphics\Direct3D11</Filter>
    </ClInclude>
    <ClInclude Include="..\..\Common_3\Graphics\Direct3D12\Direct3D12CapBuilder.h">
      <Filter>Graphics\Direct3D12</Filter>
    </ClInclude>
    <ClInclude Include="..\..\Common_3\Graphics\Direct3D12\Direct3D12Config.h">
      <Filter>Graphics\Direct3D12</Filter>
    </ClInclude>
    <ClInclude Include="..\..\Common_3\Graphics\Direct3D12\Direct3D12Hooks.h">
      <Filter>Graphics\Direct3D12</Filter>
    </ClInclude>
    <ClInclude Include="..\..\Common_3\Graphics\GraphicsConfig.h">
      <Filter>Graphics</Filter>
    </ClInclude>
    <ClInclude Include="..\..\Common_3\Graphics\Interfaces\IGraphics.h">
      <Filter>Graphics\Interfaces</Filter>
    </ClInclude>
    <ClInclude Include="..\..\Common_3\Graphics\Interfaces\IRay.h">
      <Filter>Graphics\Interfaces</Filter>
    </ClInclude>
    <ClInclude Include="..\..\Common_3\Graphics\Interfaces\IShaderReflection.h">
      <Filter>Graphics\Interfaces</Filter>
    </ClInclude>
    <ClInclude Include="..\..\Common_3\Graphics\ThirdParty\OpenSource\VulkanMemoryAllocator\VulkanMemoryAllocator.h">
      <Filter>Graphics\ThirdParty\OpenSource\VulkanMemoryAllocator</Filter>
    </ClInclude>
    <ClInclude Include="..\..\Common_3\Graphics\ThirdParty\OpenSource\ags\AgsHelper.h">
      <Filter>Graphics\ThirdParty\OpenSource\ags</Filter>
    </ClInclude>
    <ClInclude Include="..\..\Common_3\Graphics\ThirdParty\OpenSource\nvapi\NvApiHelper.h">
      <Filter>Graphics\ThirdParty\OpenSource\nvapi</Filter>
    </ClInclude>
    <ClInclude Include="..\..\Common_3\Graphics\Vulkan\VulkanCapsBuilder.h">
      <Filter>Graphics\Vulkan</Filter>
    </ClInclude>
    <ClInclude Include="..\..\Common_3\Graphics\Vulkan\VulkanConfig.h">
      <Filter>Graphics\Vulkan</Filter>
    </ClInclude>
    <ClInclude Include="..\..\Common_3\Resources\ResourceLoader\Interfaces\IResourceLoader.h">
      <Filter>Resources\ResourceLoader\Interfaces</Filter>
    </ClInclude>
  </ItemGroup>
  <ItemGroup>
    <ClCompile Include="..\..\Common_3\Graphics\CommonShaderReflection.cpp">
      <Filter>Graphics</Filter>
    </ClCompile>
    <ClCompile Include="..\..\Common_3\Graphics\DependencyTracking.cpp">
      <Filter>Graphics</Filter>
    </ClCompile>
    <ClCompile Include="..\..\Common_3\Graphics\Direct3D11\Direct3D11.cpp">
      <Filter>Graphics\Direct3D11</Filter>
    </ClCompile>
    <ClCompile Include="..\..\Common_3\Graphics\Direct3D11\Direct3D11Raytracing.cpp">
      <Filter>Graphics\Direct3D11</Filter>
    </ClCompile>
    <ClCompile Include="..\..\Common_3\Graphics\Direct3D11\Direct3D11ShaderReflection.cpp">
      <Filter>Graphics\Direct3D11</Filter>
    </ClCompile>
    <ClCompile Include="..\..\Common_3\Graphics\Direct3D12\Direct3D12.cpp">
      <Filter>Graphics\Direct3D12</Filter>
    </ClCompile>
    <ClCompile Include="..\..\Common_3\Graphics\Direct3D12\Direct3D12Hooks.cpp">
      <Filter>Graphics\Direct3D12</Filter>
    </ClCompile>
    <ClCompile Include="..\..\Common_3\Graphics\Direct3D12\Direct3D12Raytracing.cpp">
      <Filter>Graphics\Direct3D12</Filter>
    </ClCompile>
    <ClCompile Include="..\..\Common_3\Graphics\Direct3D12\Direct3D12ShaderReflection.cpp">
      <Filter>Graphics\Direct3D12</Filter>
    </ClCompile>
    <ClCompile Include="..\..\Common_3\Graphics\GPUConfig.cpp">
      <Filter>Graphics</Filter>
    </ClCompile>
    <ClCompile Include="..\..\Common_3\Graphics\Graphics.cpp">
      <Filter>Graphics</Filter>
    </ClCompile>
    <ClCompile Include="..\..\Common_3\Graphics\Vulkan\Vulkan.cpp">
      <Filter>Graphics\Vulkan</Filter>
    </ClCompile>
    <ClCompile Include="..\..\Common_3\Graphics\Vulkan\VulkanRaytracing.cpp">
      <Filter>Graphics\Vulkan</Filter>
    </ClCompile>
    <ClCompile Include="..\..\Common_3\Graphics\Vulkan\VulkanShaderReflection.cpp">
      <Filter>Graphics\Vulkan</Filter>
    </ClCompile>
    <ClCompile Include="..\..\Common_3\Resources\ResourceLoader\ResourceLoader.cpp">
      <Filter>Resources\ResourceLoader</Filter>
    </ClCompile>
    <ClCompile Include="..\..\Common_3\Resources\ResourceLoader\ThirdParty\OpenSource\meshoptimizer\src\allocator.cpp">
      <Filter>Resources\ResourceLoader\ThirdParty\OpenSource\meshoptimizer\src</Filter>
    </ClCompile>
    <ClCompile Include="..\..\Common_3\Resources\ResourceLoader\ThirdParty\OpenSource\meshoptimizer\src\indexgenerator.cpp">
      <Filter>Resources\ResourceLoader\ThirdParty\OpenSource\meshoptimizer\src</Filter>
    </ClCompile>
    <ClCompile Include="..\..\Common_3\Resources\ResourceLoader\ThirdParty\OpenSource\meshoptimizer\src\overdrawoptimizer.cpp">
      <Filter>Resources\ResourceLoader\ThirdParty\OpenSource\meshoptimizer\src</Filter>
    </ClCompile>
    <ClCompile Include="..\..\Common_3\Resources\ResourceLoader\ThirdParty\OpenSource\meshoptimizer\src\vcacheoptimizer.cpp">
      <Filter>Resources\ResourceLoader\ThirdParty\OpenSource\meshoptimizer\src</Filter>
    </ClCompile>
    <ClCompile Include="..\..\Common_3\Resources\ResourceLoader\ThirdParty\OpenSource\meshoptimizer\src\vfetchoptimizer.cpp">
      <Filter>Resources\ResourceLoader\ThirdParty\OpenSource\meshoptimizer\src</Filter>
    </ClCompile>
  </ItemGroup>
</Project>